
Microsoft Visual Studio Solution File, Format Version 11.00
# Visual Studio 2010
Project("{FAE04EC0-301F-11D3-BF4B-00C04F79EFBC}") = "STCW Timesheet", "STWC Timesheet\STCW Timesheet.csproj", "{9030F4D3-C0EB-49BB-966B-D58C3E337C1C}"
EndProject
Project("{FAE04EC0-301F-11D3-BF4B-00C04F79EFBC}") = "KeyGenerator", "KeyGenerator\KeyGenerator.csproj", "{91930772-08D5-4DB0-85EE-52CDAC7CED1C}"
EndProject
Project("{54435603-DBB4-11D2-8724-00A0C9A8B90C}") = "STCWSetup", "STCWSetup\STCWSetup.vdproj", "{BCB4BE5E-7B05-4988-A9C6-A6A9E76E77B6}"
EndProject
Global
	GlobalSection(SolutionConfigurationPlatforms) = preSolution
		Debug|Any CPU = Debug|Any CPU
		Debug|Mixed Platforms = Debug|Mixed Platforms
		Debug|x86 = Debug|x86
		Release|Any CPU = Release|Any CPU
		Release|Mixed Platforms = Release|Mixed Platforms
		Release|x86 = Release|x86
	EndGlobalSection
	GlobalSection(ProjectConfigurationPlatforms) = postSolution
		{9030F4D3-C0EB-49BB-966B-D58C3E337C1C}.Debug|Any CPU.ActiveCfg = Debug|Any CPU
		{9030F4D3-C0EB-49BB-966B-D58C3E337C1C}.Debug|Any CPU.Build.0 = Debug|Any CPU
		{9030F4D3-C0EB-49BB-966B-D58C3E337C1C}.Debug|Mixed Platforms.ActiveCfg = Debug|Any CPU
		{9030F4D3-C0EB-49BB-966B-D58C3E337C1C}.Debug|Mixed Platforms.Build.0 = Debug|Any CPU
		{9030F4D3-C0EB-49BB-966B-D58C3E337C1C}.Debug|x86.ActiveCfg = Debug|Any CPU
		{9030F4D3-C0EB-49BB-966B-D58C3E337C1C}.Release|Any CPU.ActiveCfg = Release|Any CPU
		{9030F4D3-C0EB-49BB-966B-D58C3E337C1C}.Release|Any CPU.Build.0 = Release|Any CPU
		{9030F4D3-C0EB-49BB-966B-D58C3E337C1C}.Release|Mixed Platforms.ActiveCfg = Release|Any CPU
		{9030F4D3-C0EB-49BB-966B-D58C3E337C1C}.Release|Mixed Platforms.Build.0 = Release|Any CPU
		{9030F4D3-C0EB-49BB-966B-D58C3E337C1C}.Release|x86.ActiveCfg = Release|Any CPU
		{91930772-08D5-4DB0-85EE-52CDAC7CED1C}.Debug|Any CPU.ActiveCfg = Debug|x86
		{91930772-08D5-4DB0-85EE-52CDAC7CED1C}.Debug|Mixed Platforms.ActiveCfg = Debug|x86
		{91930772-08D5-4DB0-85EE-52CDAC7CED1C}.Debug|Mixed Platforms.Build.0 = Debug|x86
		{91930772-08D5-4DB0-85EE-52CDAC7CED1C}.Debug|x86.ActiveCfg = Debug|x86
		{91930772-08D5-4DB0-85EE-52CDAC7CED1C}.Debug|x86.Build.0 = Debug|x86
		{91930772-08D5-4DB0-85EE-52CDAC7CED1C}.Release|Any CPU.ActiveCfg = Release|x86
		{91930772-08D5-4DB0-85EE-52CDAC7CED1C}.Release|Mixed Platforms.ActiveCfg = Release|x86
		{91930772-08D5-4DB0-85EE-52CDAC7CED1C}.Release|Mixed Platforms.Build.0 = Release|x86
		{91930772-08D5-4DB0-85EE-52CDAC7CED1C}.Release|x86.ActiveCfg = Release|x86
		{91930772-08D5-4DB0-85EE-52CDAC7CED1C}.Release|x86.Build.0 = Release|x86
		{BCB4BE5E-7B05-4988-A9C6-A6A9E76E77B6}.Debug|Any CPU.ActiveCfg = Debug
		{BCB4BE5E-7B05-4988-A9C6-A6A9E76E77B6}.Debug|Mixed Platforms.ActiveCfg = Debug
		{BCB4BE5E-7B05-4988-A9C6-A6A9E76E77B6}.Debug|x86.ActiveCfg = Debug
		{BCB4BE5E-7B05-4988-A9C6-A6A9E76E77B6}.Release|Any CPU.ActiveCfg = Release
		{BCB4BE5E-7B05-4988-A9C6-A6A9E76E77B6}.Release|Mixed Platforms.ActiveCfg = Release
		{BCB4BE5E-7B05-4988-A9C6-A6A9E76E77B6}.Release|x86.ActiveCfg = Release
	EndGlobalSection
	GlobalSection(SolutionProperties) = preSolution
		HideSolutionNode = FALSE
	EndGlobalSection
EndGlobal
